# THIS IS AN AUTOGENERATED FILE. DO NOT EDIT THIS FILE DIRECTLY.
# yarn lockfile v1


notion-types@7.4.3:
  version "7.4.3"
  resolved "https://registry.yarnpkg.com/notion-types/-/notion-types-7.4.3.tgz#eaea518055fc7bbcfb78958199063d430a737716"
  integrity sha512-rIztAJLqzLLlpsL9SNr9SpmTiwXpADzpUIgKmc2phbD42DQl0Z8lB+rr2+NbkZxaP0zbvAek8wtPRrOU+ynU2A==
